
Microsoft Visual Studio Solution File, Format Version 12.00
# Visual Studio Version 16
VisualStudioVersion = 16.0.30225.117
MinimumVisualStudioVersion = 10.0.40219.1
Project("{FAE04EC0-301F-11D3-BF4B-00C04F79EFBC}") = "PraticeApplication", "PraticeApplication\PraticeApplication.csproj", "{077107EA-1807-4990-B884-2300374E15F0}"
EndProject
Global
	GlobalSection(SolutionConfigurationPlatforms) = preSolution
		Debug|Any CPU = Debug|Any CPU
		Release|Any CPU = Release|Any CPU
	EndGlobalSection
	GlobalSection(ProjectConfigurationPlatforms) = postSolution
		{077107EA-1807-4990-B884-2300374E15F0}.Debug|Any CPU.ActiveCfg = Debug|Any CPU
		{077107EA-1807-4990-B884-2300374E15F0}.Debug|Any CPU.Build.0 = Debug|Any CPU
		{077107EA-1807-4990-B884-2300374E15F0}.Release|Any CPU.ActiveCfg = Release|Any CPU
		{077107EA-1807-4990-B884-2300374E15F0}.Release|Any CPU.Build.0 = Release|Any CPU
	EndGlobalSection
	GlobalSection(SolutionProperties) = preSolution
		HideSolutionNode = FALSE
	EndGlobalSection
	GlobalSection(ExtensibilityGlobals) = postSolution
		SolutionGuid = {A2C748CA-67CF-40D9-A592-24A1C8BD6A39}
	EndGlobalSection
EndGlobal
